<?xml version="1.0" encoding="utf-8"?>
<Project ToolsVersion="4.0" xmlns="http://schemas.microsoft.com/developer/msbuild/2003">
  <ItemGroup>
    <Filter Include="Source Files">
      <UniqueIdentifier>{4FC737F1-C7A5-4376-A066-2A32D752A2FF}</UniqueIdentifier>
      <Extensions>cpp;c;cc;cxx;def;odl;idl;hpj;bat;asm;asmx</Extensions>
    </Filter>
    <Filter Include="Header Files">
      <UniqueIdentifier>{93995380-89BD-4b04-88EB-625FBE52EBFB}</UniqueIdentifier>
      <Extensions>h;hpp;hxx;hm;inl;inc;xsd</Extensions>
    </Filter>
    <Filter Include="Resource Files">
      <UniqueIdentifier>{67DA6AB6-F800-4c08-8B7A-83BB121AAD01}</UniqueIdentifier>
      <Extensions>rc;ico;cur;bmp;dlg;rc2;rct;bin;rgs;gif;jpg;jpeg;jpe;resx;tiff;tif;png;wav;mfcribbon-ms</Extensions>
    </Filter>
    <Filter Include="Header Files\xnz">
      <UniqueIdentifier>{c8486c71-be2f-4e31-a6fa-ad1c22f706cd}</UniqueIdentifier>
    </Filter>
    <Filter Include="Header Files\stb">
      <UniqueIdentifier>{31f5b4b8-fd87-4173-97d2-8f5ee21a0867}</UniqueIdentifier>
    </Filter>
  </ItemGroup>
  <ItemGroup>
    <ClInclude Include="xng.h">
      <Filter>Header Files</Filter>
    </ClInclude>
    <ClInclude Include="xnz\xng_image.h">
      <Filter>Header Files</Filter>
    </ClInclude>
    <ClInclude Include="xnz\xng_fpf_image.h">
      <Filter>Header Files\xnz</Filter>
    </ClInclude>
    <ClInclude Include="xnz\xng_image_buffer.h">
      <Filter>Header Files\xnz</Filter>
    </ClInclude>
    <ClInclude Include="xnz\xng_image_formats.h">
      <Filter>Header Files\xnz</Filter>
    </ClInclude>
    <ClInclude Include="xnz\xng_raw_image.h">
      <Filter>Header Files\xnz</Filter>
    </ClInclude>
    <ClInclude Include="xnz\xnz.h">
      <Filter>Header Files\xnz</Filter>
    </ClInclude>
    <ClInclude Include="xnz\xnz_bmp_image.h">
      <Filter>Header Files\xnz</Filter>
    </ClInclude>
    <ClInclude Include="xnz\xnz_dds_image.h">
      <Filter>Header Files\xnz</Filter>
    </ClInclude>
    <ClInclude Include="xnz\xnz_icc_profile.h">
      <Filter>Header Files\xnz</Filter>
    </ClInclude>
    <ClInclude Include="xnz\xnz_png_image.h">
      <Filter>Header Files\xnz</Filter>
    </ClInclude>
    <ClInclude Include="xnz\stb_image.h">
      <Filter>Header Files\stb</Filter>
    </ClInclude>
    <ClInclude Include="xnz\stb_image_resize2.h">
      <Filter>Header Files\stb</Filter>
    </ClInclude>
    <ClInclude Include="xnz\stbi_DDS_aug.h">
      <Filter>Header Files\stb</Filter>
    </ClInclude>
    <ClInclude Include="xnz\stbi_DDS_aug_c.h">
      <Filter>Header Files\stb</Filter>
    </ClInclude>
    <ClInclude Include="xnz\xnz_sgi_image.h">
      <Filter>Header Files\xnz</Filter>
    </ClInclude>
    <ClInclude Include="xnz\xng_font.h">
      <Filter>Header Files</Filter>
    </ClInclude>
    <ClInclude Include="xnz\xng_ttf_font.h">
      <Filter>Header Files\xnz</Filter>
    </ClInclude>
  </ItemGroup>
  <ItemGroup>
    <ClCompile Include="xnz\xng_image.c">
      <Filter>Source Files</Filter>
    </ClCompile>
    <ClCompile Include="xnz\xng_font.c">
      <Filter>Source Files</Filter>
    </ClCompile>
  </ItemGroup>
</Project>